
Microsoft Visual Studio Solution File, Format Version 12.00
# Visual Studio Version 17
VisualStudioVersion = 17.8.34330.188
MinimumVisualStudioVersion = 10.0.40219.1
Project("{8BC9CEB8-8B4A-11D0-8D11-00A0C91BC942}") = "AdventOfCode2023", "AdventOfCode2023\AdventOfCode2023.vcxproj", "{D35E82BA-DF48-4923-959C-CFA13FF52258}"
EndProject
Project("{8BC9CEB8-8B4A-11D0-8D11-00A0C91BC942}") = "UnitTest", "UnitTest\UnitTest.vcxproj", "{E8EFC5AC-E676-4E6F-ACB4-B0E7A786FECA}"
EndProject
Global
	GlobalSection(SolutionConfigurationPlatforms) = preSolution
		Debug|x64 = Debug|x64
		Debug|x86 = Debug|x86
		Release|x64 = Release|x64
		Release|x86 = Release|x86
	EndGlobalSection
	GlobalSection(ProjectConfigurationPlatforms) = postSolution
		{D35E82BA-DF48-4923-959C-CFA13FF52258}.Debug|x64.ActiveCfg = Debug|x64
		{D35E82BA-DF48-4923-959C-CFA13FF52258}.Debug|x64.Build.0 = Debug|x64
		{D35E82BA-DF48-4923-959C-CFA13FF52258}.Debug|x86.ActiveCfg = Debug|Win32
		{D35E82BA-DF48-4923-959C-CFA13FF52258}.Debug|x86.Build.0 = Debug|Win32
		{D35E82BA-DF48-4923-959C-CFA13FF52258}.Release|x64.ActiveCfg = Release|x64
		{D35E82BA-DF48-4923-959C-CFA13FF52258}.Release|x64.Build.0 = Release|x64
		{D35E82BA-DF48-4923-959C-CFA13FF52258}.Release|x86.ActiveCfg = Release|Win32
		{D35E82BA-DF48-4923-959C-CFA13FF52258}.Release|x86.Build.0 = Release|Win32
		{E8EFC5AC-E676-4E6F-ACB4-B0E7A786FECA}.Debug|x64.ActiveCfg = Debug|x64
		{E8EFC5AC-E676-4E6F-ACB4-B0E7A786FECA}.Debug|x64.Build.0 = Debug|x64
		{E8EFC5AC-E676-4E6F-ACB4-B0E7A786FECA}.Debug|x86.ActiveCfg = Debug|Win32
		{E8EFC5AC-E676-4E6F-ACB4-B0E7A786FECA}.Debug|x86.Build.0 = Debug|Win32
		{E8EFC5AC-E676-4E6F-ACB4-B0E7A786FECA}.Release|x64.ActiveCfg = Release|x64
		{E8EFC5AC-E676-4E6F-ACB4-B0E7A786FECA}.Release|x64.Build.0 = Release|x64
		{E8EFC5AC-E676-4E6F-ACB4-B0E7A786FECA}.Release|x86.ActiveCfg = Release|Win32
		{E8EFC5AC-E676-4E6F-ACB4-B0E7A786FECA}.Release|x86.Build.0 = Release|Win32
	EndGlobalSection
	GlobalSection(SolutionProperties) = preSolution
		HideSolutionNode = FALSE
	EndGlobalSection
	GlobalSection(ExtensibilityGlobals) = postSolution
		SolutionGuid = {60248EEC-25B3-4CAE-9656-0300F6AEB116}
	EndGlobalSection
EndGlobal
